// !$*UTF8*$!
{
	archiveVersion = 1;
	classes = {
	};
	objectVersion = 46;
	objects = {

/* Begin PBXBuildFile section */
		4D80BAE41E8CD070001BE0B8 /* AppDelegate.swift in Sources */ = {isa = PBXBuildFile; fileRef = 4D80BAE31E8CD070001BE0B8 /* AppDelegate.swift */; };
		4D80BAE61E8CD070001BE0B8 /* RootViewController.swift in Sources */ = {isa = PBXBuildFile; fileRef = 4D80BAE51E8CD070001BE0B8 /* RootViewController.swift */; };
		4D80BAE91E8CD070001BE0B8 /* Main.storyboard in Resources */ = {isa = PBXBuildFile; fileRef = 4D80BAE71E8CD070001BE0B8 /* Main.storyboard */; };
		4D80BAEB1E8CD070001BE0B8 /* Assets.xcassets in Resources */ = {isa = PBXBuildFile; fileRef = 4D80BAEA1E8CD070001BE0B8 /* Assets.xcassets */; };
		4D80BAEE1E8CD070001BE0B8 /* LaunchScreen.storyboard in Resources */ = {isa = PBXBuildFile; fileRef = 4D80BAEC1E8CD070001BE0B8 /* LaunchScreen.storyboard */; };
		4D80BAF81E8CD88C001BE0B8 /* RightHomeViewController.swift in Sources */ = {isa = PBXBuildFile; fileRef = 4D80BAF71E8CD88C001BE0B8 /* RightHomeViewController.swift */; };
		4D80BAFA1E8CED39001BE0B8 /* LeftHomeViewController.swift in Sources */ = {isa = PBXBuildFile; fileRef = 4D80BAF91E8CED39001BE0B8 /* LeftHomeViewController.swift */; };
/* End PBXBuildFile section */

/* Begin PBXFileReference section */
		4D80BAE01E8CD070001BE0B8 /* NavigationBartest.app */ = {isa = PBXFileReference; explicitFileType = wrapper.application; includeInIndex = 0; path = NavigationBartest.app; sourceTree = BUILT_PRODUCTS_DIR; };
		4D80BAE31E8CD070001BE0B8 /* AppDelegate.swift */ = {isa = PBXFileReference; lastKnownFileType = sourcecode.swift; path = AppDelegate.swift; sourceTree = "<group>"; };
		4D80BAE51E8CD070001BE0B8 /* RootViewController.swift */ = {isa = PBXFileReference; lastKnownFileType = sourcecode.swift; path = RootViewController.swift; sourceTree = "<group>"; };
		4D80BAE81E8CD070001BE0B8 /* Base */ = {isa = PBXFileReference; lastKnownFileType = file.storyboard; name = Base; path = Base.lproj/Main.storyboard; sourceTree = "<group>"; };
		4D80BAEA1E8CD070001BE0B8 /* Assets.xcassets */ = {isa = PBXFileReference; lastKnownFileType = folder.assetcatalog; path = Assets.xcassets; sourceTree = "<group>"; };
		4D80BAED1E8CD070001BE0B8 /* Base */ = {isa = PBXFileReference; lastKnownFileType = file.storyboard; name = Base; path = Base.lproj/LaunchScreen.storyboard; sourceTree = "<group>"; };
		4D80BAEF1E8CD070001BE0B8 /* Info.plist */ = {isa = PBXFileReference; lastKnownFileType = text.plist.xml; path = Info.plist; sourceTree = "<group>"; };
		4D80BAF71E8CD88C001BE0B8 /* RightHomeViewController.swift */ = {isa = PBXFileReference; fileEncoding = 4; lastKnownFileType = sourcecode.swift; path = RightHomeViewController.swift; sourceTree = "<group>"; };
		4D80BAF91E8CED39001BE0B8 /* LeftHomeViewController.swift */ = {isa = PBXFileReference; fileEncoding = 4; lastKnownFileType = sourcecode.swift; path = LeftHomeViewController.swift; sourceTree = "<group>"; };
/* End PBXFileReference section */

/* Begin PBXFrameworksBuildPhase section */
		4D80BADD1E8CD070001BE0B8 /* Frameworks */ = {
			isa = PBXFrameworksBuildPhase;
			buildActionMask = 2147483647;
			files = (
			);
			runOnlyForDeploymentPostprocessing = 0;
		};
/* End PBXFrameworksBuildPhase section */

/* Begin PBXGroup section */
		4D80BAD71E8CD070001BE0B8 = {
			isa = PBXGroup;
			children = (
				4D80BAE21E8CD070001BE0B8 /* NavigationBartest */,
				4D80BAE11E8CD070001BE0B8 /* Products */,
			);
			sourceTree = "<group>";
		};
		4D80BAE11E8CD070001BE0B8 /* Products */ = {
			isa = PBXGroup;
			children = (
				4D80BAE01E8CD070001BE0B8 /* NavigationBartest.app */,
			);
			name = Products;
			sourceTree = "<group>";
		};
		4D80BAE21E8CD070001BE0B8 /* NavigationBartest */ = {
			isa = PBXGroup;
			children = (
				4D80BAE31E8CD070001BE0B8 /* AppDelegate.swift */,
				4D80BAE51E8CD070001BE0B8 /* RootViewController.swift */,
				4D80BAE71E8CD070001BE0B8 /* Main.storyboard */,
				4D80BAF91E8CED39001BE0B8 /* LeftHomeViewController.swift */,
				4D80BAF71E8CD88C001BE0B8 /* RightHomeViewController.swift */,
				4D80BAEA1E8CD070001BE0B8 /* Assets.xcassets */,
				4D80BAEC1E8CD070001BE0B8 /* LaunchScreen.storyboard */,
				4D80BAEF1E8CD070001BE0B8 /* Info.plist */,
			);
			path = NavigationBartest;
			sourceTree = "<group>";
		};
/* End PBXGroup section */

/* Begin PBXNativeTarget section */
		4D80BADF1E8CD070001BE0B8 /* NavigationBartest */ = {
			isa = PBXNativeTarget;
			buildConfigurationList = 4D80BAF21E8CD070001BE0B8 /* Build configuration list for PBXNativeTarget "NavigationBartest" */;
			buildPhases = (
				4D80BADC1E8CD070001BE0B8 /* Sources */,
				4D80BADD1E8CD070001BE0B8 /* Frameworks */,
				4D80BADE1E8CD070001BE0B8 /* Resources */,
			);
			buildRules = (
			);
			dependencies = (
			);
			name = NavigationBartest;
			productName = NavigationBartest;
			productReference = 4D80BAE01E8CD070001BE0B8 /* NavigationBartest.app */;
			productType = "com.apple.product-type.application";
		};
/* End PBXNativeTarget section */

/* Begin PBXProject section */
		4D80BAD81E8CD070001BE0B8 /* Project object */ = {
			isa = PBXProject;
			attributes = {
				LastSwiftUpdateCheck = 0730;
				LastUpgradeCheck = 0730;
				ORGANIZATIONNAME = Her;
				TargetAttributes = {
					4D80BADF1E8CD070001BE0B8 = {
						CreatedOnToolsVersion = 7.3.1;
					};
				};
			};
			buildConfigurationList = 4D80BADB1E8CD070001BE0B8 /* Build configuration list for PBXProject "NavigationBartest" */;
			compatibilityVersion = "Xcode 3.2";
			developmentRegion = English;
			hasScannedForEncodings = 0;
			knownRegions = (
				en,
				Base,
			);
			mainGroup = 4D80BAD71E8CD070001BE0B8;
			productRefGroup = 4D80BAE11E8CD070001BE0B8 /* Products */;
			projectDirPath = "";
			projectRoot = "";
			targets = (
				4D80BADF1E8CD070001BE0B8 /* NavigationBartest */,
			);
		};
/* End PBXProject section */

/* Begin PBXResourcesBuildPhase section */
		4D80BADE1E8CD070001BE0B8 /* Resources */ = {
			isa = PBXResourcesBuildPhase;
			buildActionMask = 2147483647;
			files = (
				4D80BAEE1E8CD070001BE0B8 /* LaunchScreen.storyboard in Resources */,
				4D80BAEB1E8CD070001BE0B8 /* Assets.xcassets in Resources */,
				4D80BAE91E8CD070001BE0B8 /* Main.storyboard in Resources */,
			);
			runOnlyForDeploymentPostprocessing = 0;
		};
/* End PBXResourcesBuildPhase section */

/* Begin PBXSourcesBuildPhase section */
		4D80BADC1E8CD070001BE0B8 /* Sources */ = {
			isa = PBXSourcesBuildPhase;
			buildActionMask = 2147483647;
			files = (
				4D80BAE61E8CD070001BE0B8 /* RootViewController.swift in Sources */,
				4D80BAFA1E8CED39001BE0B8 /* LeftHomeViewController.swift in Sources */,
				4D80BAF81E8CD88C001BE0B8 /* RightHomeViewController.swift in Sources */,
				4D80BAE41E8CD070001BE0B8 /* AppDelegate.swift in Sources */,
			);
			runOnlyForDeploymentPostprocessing = 0;
		};
/* End PBXSourcesBuildPhase section */

/* Begin PBXVariantGroup section */
		4D80BAE71E8CD070001BE0B8 /* Main.storyboard */ = {
			isa = PBXVariantGroup;
			children = (
				4D80BAE81E8CD070001BE0B8 /* Base */,
			);
			name = Main.storyboard;
			sourceTree = "<group>";
		};
		4D80BAEC1E8CD070001BE0B8 /* LaunchScreen.storyboard */ = {
			isa = PBXVariantGroup;
			children = (
				4D80BAED1E8CD070001BE0B8 /* Base */,
			);
			name = LaunchScreen.storyboard;
			sourceTree = "<group>";
		};
/* End PBXVariantGroup section */

/* Begin XCBuildConfiguration section */
		4D80BAF01E8CD070001BE0B8 /* Debug */ = {
			isa = XCBuildConfiguration;
			buildSettings = {
				ALWAYS_SEARCH_USER_PATHS = NO;
				CLANG_ANALYZER_NONNULL = YES;
				CLANG_CXX_LANGUAGE_STANDARD = "gnu++0x";
				CLANG_CXX_LIBRARY = "libc++";
				CLANG_ENABLE_MODULES = YES;
				CLANG_ENABLE_OBJC_ARC = YES;
				CLANG_WARN_BOOL_CONVERSION = YES;
				CLANG_WARN_CONSTANT_CONVERSION = YES;
				CLANG_WARN_DIRECT_OBJC_ISA_USAGE = YES_ERROR;
				CLANG_WARN_EMPTY_BODY = YES;
				CLANG_WARN_ENUM_CONVERSION = YES;
				CLANG_WARN_INT_CONVERSION = YES;
				CLANG_WARN_OBJC_ROOT_CLASS = YES_ERROR;
				CLANG_WARN_UNREACHABLE_CODE = YES;
				CLANG_WARN__DUPLICATE_METHOD_MATCH = YES;
				"CODE_SIGN_IDENTITY[sdk=iphoneos*]" = "iPhone Developer";
				COPY_PHASE_STRIP = NO;
				DEBUG_INFORMATION_FORMAT = dwarf;
				ENABLE_STRICT_OBJC_MSGSEND = YES;
				ENABLE_TESTABILITY = YES;
				GCC_C_LANGUAGE_STANDARD = gnu99;
				GCC_DYNAMIC_NO_PIC = NO;
				GCC_NO_COMMON_BLOCKS = YES;
				GCC_OPTIMIZATION_LEVEL = 0;
				GCC_PREPROCESSOR_DEFINITIONS = (
					"DEBUG=1",
					"$(inherited)",
				);
				GCC_WARN_64_TO_32_BIT_CONVERSION = YES;
				GCC_WARN_ABOUT_RETURN_TYPE = YES_ERROR;
				GCC_WARN_UNDECLARED_SELECTOR = YES;
				GCC_WARN_UNINITIALIZED_AUTOS = YES_AGGRESSIVE;
				GCC_WARN_UNUSED_FUNCTION = YES;
				GCC_WARN_UNUSED_VARIABLE = YES;
				IPHONEOS_DEPLOYMENT_TARGET = 9.3;
				MTL_ENABLE_DEBUG_INFO = YES;
				ONLY_ACTIVE_ARCH = YES;
				SDKROOT = iphoneos;
				SWIFT_OPTIMIZATION_LEVEL = "-Onone";
			};
			name = Debug;
		};
		4D80BAF11E8CD070001BE0B8 /* Release */ = {
			isa = XCBuildConfiguration;
			buildSettings = {
				ALWAYS_SEARCH_USER_PATHS = NO;
				CLANG_ANALYZER_NONNULL = YES;
				CLANG_CXX_LANGUAGE_STANDARD = "gnu++0x";
				CLANG_CXX_LIBRARY = "libc++";
				CLANG_ENABLE_MODULES = YES;
				CLANG_ENABLE_OBJC_ARC = YES;
				CLANG_WARN_BOOL_CONVERSION = YES;
				CLANG_WARN_CONSTANT_CONVERSION = YES;
				CLANG_WARN_DIRECT_OBJC_ISA_USAGE = YES_ERROR;
				CLANG_WARN_EMPTY_BODY = YES;
				CLANG_WARN_ENUM_CONVERSION = YES;
				CLANG_WARN_INT_CONVERSION = YES;
				CLANG_WARN_OBJC_ROOT_CLASS = YES_ERROR;
				CLANG_WARN_UNREACHABLE_CODE = YES;
				CLANG_WARN__DUPLICATE_METHOD_MATCH = YES;
				"CODE_SIGN_IDENTITY[sdk=iphoneos*]" = "iPhone Developer";
				COPY_PHASE_STRIP = NO;
				DEBUG_INFORMATION_FORMAT = "dwarf-with-dsym";
				ENABLE_NS_ASSERTIONS = NO;
				ENABLE_STRICT_OBJC_MSGSEND = YES;
				GCC_C_LANGUAGE_STANDARD = gnu99;
				GCC_NO_COMMON_BLOCKS = YES;
				GCC_WARN_64_TO_32_BIT_CONVERSION = YES;
				GCC_WARN_ABOUT_RETURN_TYPE = YES_ERROR;
				GCC_WARN_UNDECLARED_SELECTOR = YES;
				GCC_WARN_UNINITIALIZED_AUTOS = YES_AGGRESSIVE;
				GCC_WARN_UNUSED_FUNCTION = YES;
				GCC_WARN_UNUSED_VARIABLE = YES;
				IPHONEOS_DEPLOYMENT_TARGET = 9.3;
				MTL_ENABLE_DEBUG_INFO = NO;
				SDKROOT = iphoneos;
				VALIDATE_PRODUCT = YES;
			};
			name = Release;
		};
		4D80BAF31E8CD070001BE0B8 /* Debug */ = {
			isa = XCBuildConfiguration;
			buildSettings = {
				ASSETCATALOG_COMPILER_APPICON_NAME = AppIcon;
				INFOPLIST_FILE = NavigationBartest/Info.plist;
				IPHONEOS_DEPLOYMENT_TARGET = 8.0;
				LD_RUNPATH_SEARCH_PATHS = "$(inherited) @executable_path/Frameworks";
				PRODUCT_BUNDLE_IDENTIFIER = burakon.Inc.NavigationBartest;
				PRODUCT_NAME = "$(TARGET_NAME)";
				SWIFT_VERSION = 2.3;
			};
			name = Debug;
		};
		4D80BAF41E8CD070001BE0B8 /* Release */ = {
			isa = XCBuildConfiguration;
			buildSettings = {
				ASSETCATALOG_COMPILER_APPICON_NAME = AppIcon;
				INFOPLIST_FILE = NavigationBartest/Info.plist;
				IPHONEOS_DEPLOYMENT_TARGET = 8.0;
				LD_RUNPATH_SEARCH_PATHS = "$(inherited) @executable_path/Frameworks";
				PRODUCT_BUNDLE_IDENTIFIER = burakon.Inc.NavigationBartest;
				PRODUCT_NAME = "$(TARGET_NAME)";
				SWIFT_VERSION = 2.3;
			};
			name = Release;
		};
/* End XCBuildConfiguration section */

/* Begin XCConfigurationList section */
		4D80BADB1E8CD070001BE0B8 /* Build configuration list for PBXProject "NavigationBartest" */ = {
			isa = XCConfigurationList;
			buildConfigurations = (
				4D80BAF01E8CD070001BE0B8 /* Debug */,
				4D80BAF11E8CD070001BE0B8 /* Release */,
			);
			defaultConfigurationIsVisible = 0;
			defaultConfigurationName = Release;
		};
		4D80BAF21E8CD070001BE0B8 /* Build configuration list for PBXNativeTarget "NavigationBartest" */ = {
			isa = XCConfigurationList;
			buildConfigurations = (
				4D80BAF31E8CD070001BE0B8 /* Debug */,
				4D80BAF41E8CD070001BE0B8 /* Release */,
			);
			defaultConfigurationIsVisible = 0;
			defaultConfigurationName = Release;
		};
/* End XCConfigurationList section */
	};
	rootObject = 4D80BAD81E8CD070001BE0B8 /* Project object */;
}
